{
  "name": "miniprogram-1",
  "version": "1.0.0",
  "lockfileVersion": 1,
  "requires": true,
  "dependencies": {
    "@miniprogram-component-plus/video-swiper": {
      "version": "1.0.1",
      "resolved": "https://registry.npmjs.org/@miniprogram-component-plus/video-swiper/-/video-swiper-1.0.1.tgz",
      "integrity": "sha512-1rlmsS3/TR0Zu0nZHwEwb9UCQWY/ofPv73zU56FLfZh72Xw+BcIzfohrDxrGs5QpoL4KCLl9G7UB5w+3ZRSZzQ=="
    },
    "weui-miniprogram": {
      "version": "1.0.8",
      "resolved": "https://registry.npmjs.org/weui-miniprogram/-/weui-miniprogram-1.0.8.tgz",
      "integrity": "sha512-fm9Hi/3s2Imp2xufuxBcbzYxIcrVt0gPMIdjHfuIFA0Fxiukztc+c2nyFspmkI9YkrdHM1o2h6qsStdK+wFhWQ=="
    }
  }
}
